
Microsoft Visual Studio Solution File, Format Version 12.00
# Visual Studio Version 16
VisualStudioVersion = 16.0.31624.102
MinimumVisualStudioVersion = 10.0.40219.1
Project("{FAE04EC0-301F-11D3-BF4B-00C04F79EFBC}") = "Scrables - TDG", "Scrables - TDG.csproj", "{AE6502A7-6BD0-4617-BBF9-4B7B2EDD45F4}"
EndProject
Global
	GlobalSection(SolutionConfigurationPlatforms) = preSolution
		Debug|Any CPU = Debug|Any CPU
		Release|Any CPU = Release|Any CPU
	EndGlobalSection
	GlobalSection(ProjectConfigurationPlatforms) = postSolution
		{AE6502A7-6BD0-4617-BBF9-4B7B2EDD45F4}.Debug|Any CPU.ActiveCfg = Debug|Any CPU
		{AE6502A7-6BD0-4617-BBF9-4B7B2EDD45F4}.Debug|Any CPU.Build.0 = Debug|Any CPU
		{AE6502A7-6BD0-4617-BBF9-4B7B2EDD45F4}.Release|Any CPU.ActiveCfg = Release|Any CPU
		{AE6502A7-6BD0-4617-BBF9-4B7B2EDD45F4}.Release|Any CPU.Build.0 = Release|Any CPU
	EndGlobalSection
	GlobalSection(SolutionProperties) = preSolution
		HideSolutionNode = FALSE
	EndGlobalSection
	GlobalSection(ExtensibilityGlobals) = postSolution
		SolutionGuid = {DF927C71-5549-4751-A361-237ECBB982F9}
	EndGlobalSection
EndGlobal
